
Microsoft Visual Studio Solution File, Format Version 12.00
# Visual Studio Version 17
VisualStudioVersion = 17.9.34902.65
MinimumVisualStudioVersion = 10.0.40219.1
Project("{9A19103F-16F7-4668-BE54-9A1E7A4F7556}") = "FujiyBlog.Web", "FujiyBlog.Web\FujiyBlog.Web.csproj", "{8858C12D-9EA9-4D9C-A682-7D6945A9AE0F}"
EndProject
Project("{9A19103F-16F7-4668-BE54-9A1E7A4F7556}") = "FujiyBlog.Core", "FujiyBlog.Core\FujiyBlog.Core.csproj", "{48F0F7BD-F210-49ED-9890-9397B6D6C42A}"
EndProject
Global
	GlobalSection(SolutionConfigurationPlatforms) = preSolution
		Debug|Any CPU = Debug|Any CPU
		Release|Any CPU = Release|Any CPU
	EndGlobalSection
	GlobalSection(ProjectConfigurationPlatforms) = postSolution
		{8858C12D-9EA9-4D9C-A682-7D6945A9AE0F}.Debug|Any CPU.ActiveCfg = Debug|Any CPU
		{8858C12D-9EA9-4D9C-A682-7D6945A9AE0F}.Debug|Any CPU.Build.0 = Debug|Any CPU
		{8858C12D-9EA9-4D9C-A682-7D6945A9AE0F}.Release|Any CPU.ActiveCfg = Release|Any CPU
		{8858C12D-9EA9-4D9C-A682-7D6945A9AE0F}.Release|Any CPU.Build.0 = Release|Any CPU
		{48F0F7BD-F210-49ED-9890-9397B6D6C42A}.Debug|Any CPU.ActiveCfg = Debug|Any CPU
		{48F0F7BD-F210-49ED-9890-9397B6D6C42A}.Debug|Any CPU.Build.0 = Debug|Any CPU
		{48F0F7BD-F210-49ED-9890-9397B6D6C42A}.Release|Any CPU.ActiveCfg = Release|Any CPU
		{48F0F7BD-F210-49ED-9890-9397B6D6C42A}.Release|Any CPU.Build.0 = Release|Any CPU
	EndGlobalSection
	GlobalSection(SolutionProperties) = preSolution
		HideSolutionNode = FALSE
	EndGlobalSection
	GlobalSection(ExtensibilityGlobals) = postSolution
		SolutionGuid = {335A2D53-1BF8-4ED6-A14F-A733637A0DB7}
	EndGlobalSection
EndGlobal
